{
    "_readme": [
        "This file locks the dependencies of your project to a known state",
        "Read more about it at https://getcomposer.org/doc/01-basic-usage.md#composer-lock-the-lock-file",
        "This file is @generated automatically"
    ],
    "content-hash": "b49612a2a73dafb64972ac03c936d7e1",
    "packages": [],
    "packages-dev": [
        {
            "name": "inpsyde/wordpress-dev",
            "version": "dev-master",
            "source": {
                "type": "git",
                "url": "https://github.com/inpsyde/wordpress-dev.git",
                "reference": "f05493225eb46cab7a4ec93c668b153b7aa52137"
            },
            "dist": {
                "type": "zip",
                "url": "https://api.github.com/repos/inpsyde/wordpress-dev/zipball/f05493225eb46cab7a4ec93c668b153b7aa52137",
                "reference": "f05493225eb46cab7a4ec93c668b153b7aa52137",
                "shasum": ""
            },
            "require": {
                "php": ">=5.2.4"
            },
            "type": "wordpress-core",
            "notification-url": "https://packagist.org/downloads/",
            "license": [
                "GPL-2.0+"
            ],
            "authors": [
                {
                    "name": "WordPress Community",
                    "homepage": "http://wordpress.org/about/"
                }
            ],
            "description": "WordPress is web software you can use to create a beautiful website or blog.",
            "homepage": "http://wordpress.org/",
            "keywords": [
                "blog",
                "cms",
                "wordpress"
            ],
            "time": "2016-08-27 12:35:37"
        },
        {
            "name": "inpsyde/wp-tests-starter",
            "version": "dev-master",
            "source": {
                "type": "git",
                "url": "https://github.com/inpsyde/WP-Tests-Starter.git",
                "reference": "95a14cd948e377cba173a0d70a3c475d5bc72b7a"
            },
            "dist": {
                "type": "zip",
                "url": "https://api.github.com/repos/inpsyde/WP-Tests-Starter/zipball/95a14cd948e377cba173a0d70a3c475d5bc72b7a",
                "reference": "95a14cd948e377cba173a0d70a3c475d5bc72b7a",
                "shasum": ""
            },
            "require": {
                "php": ">=5.3.0"
            },
            "require-dev": {
                "inpsyde/wordpress-dev": "dev-master"
            },
            "suggest": {
                "inpsyde/wordpress-dev": "WordPress development composer package."
            },
            "type": "library",
            "autoload": {
                "psr-4": {
                    "WpTestsStarter\\": "src/WpTestsStarter"
                }
            },
            "notification-url": "https://packagist.org/downloads/",
            "license": [
                "MIT"
            ],
            "authors": [
                {
                    "name": "David Naber",
                    "email": "d.naber@inpsyde.com",
                    "role": "Developer"
                }
            ],
            "description": "A package that helps you setting up WordPress integration test environments quickly.",
            "keywords": [
                "integration tests",
                "tests",
                "wordpress"
            ],
            "time": "2016-01-28 12:29:50"
        }
    ],
    "aliases": [],
    "minimum-stability": "dev",
    "stability-flags": {
        "inpsyde/wordpress-dev": 20,
        "inpsyde/wp-tests-starter": 20
    },
    "prefer-stable": false,
    "prefer-lowest": false,
    "platform": [],
    "platform-dev": []
}
